// !$*UTF8*$!
{
	archiveVersion = 1;
	classes = {
	};
	objectVersion = 55;
	objects = {

/* Begin PBXBuildFile section */
		6F12A98E572AFD60C4D6F936 /* Pods_LXKDateTimePickerLabel_LXKDateTimePickerLabelTests.framework in Frameworks */ = {isa = PBXBuildFile; fileRef = 7E03025EC6C77F8A1AF2A981 /* Pods_LXKDateTimePickerLabel_LXKDateTimePickerLabelTests.framework */; };
		A239FB7A2FCDC31C07C19D43 /* Pods_LXKDateTimePickerLabel.framework in Frameworks */ = {isa = PBXBuildFile; fileRef = 9C23031DF61D83B704D93A52 /* Pods_LXKDateTimePickerLabel.framework */; };
		FA98AAFA27F1AE3A001DCB91 /* LXKDateTimePickerLabel.docc in Sources */ = {isa = PBXBuildFile; fileRef = FA98AAF927F1AE3A001DCB91 /* LXKDateTimePickerLabel.docc */; };
		FA98AB0027F1AE3B001DCB91 /* LXKDateTimePickerLabel.framework in Frameworks */ = {isa = PBXBuildFile; fileRef = FA98AAF527F1AE3A001DCB91 /* LXKDateTimePickerLabel.framework */; };
		FA98AB0527F1AE3B001DCB91 /* LXKDateTimePickerLabelTests.swift in Sources */ = {isa = PBXBuildFile; fileRef = FA98AB0427F1AE3B001DCB91 /* LXKDateTimePickerLabelTests.swift */; };
		FA98AB0627F1AE3B001DCB91 /* LXKDateTimePickerLabel.h in Headers */ = {isa = PBXBuildFile; fileRef = FA98AAF827F1AE3A001DCB91 /* LXKDateTimePickerLabel.h */; settings = {ATTRIBUTES = (Public, ); }; };
		FABE35EA27F1B59700B71EAA /* LXKDateTimePickerLabel.swift in Sources */ = {isa = PBXBuildFile; fileRef = FABE35E727F1B59700B71EAA /* LXKDateTimePickerLabel.swift */; };
		FABE35EB27F1B59700B71EAA /* DateExtensions.swift in Sources */ = {isa = PBXBuildFile; fileRef = FABE35E827F1B59700B71EAA /* DateExtensions.swift */; };
		FADF7A6D2824B828005DB98B /* README.md in Resources */ = {isa = PBXBuildFile; fileRef = FADF7A6C2824B828005DB98B /* README.md */; };
		FADF7A712824BA0D005DB98B /* image1.gif in Resources */ = {isa = PBXBuildFile; fileRef = FADF7A6F2824BA0D005DB98B /* image1.gif */; };
/* End PBXBuildFile section */

/* Begin PBXContainerItemProxy section */
		FA98AB0127F1AE3B001DCB91 /* PBXContainerItemProxy */ = {
			isa = PBXContainerItemProxy;
			containerPortal = FA98AAEC27F1AE3A001DCB91 /* Project object */;
			proxyType = 1;
			remoteGlobalIDString = FA98AAF427F1AE3A001DCB91;
			remoteInfo = LXKDateTimePickerLabel;
		};
/* End PBXContainerItemProxy section */

/* Begin PBXFileReference section */
		22229142819BE67569BCF768 /* Pods-LXKDateTimePickerLabel-LXKDateTimePickerLabelTests.release.xcconfig */ = {isa = PBXFileReference; includeInIndex = 1; lastKnownFileType = text.xcconfig; name = "Pods-LXKDateTimePickerLabel-LXKDateTimePickerLabelTests.release.xcconfig"; path = "Target Support Files/Pods-LXKDateTimePickerLabel-LXKDateTimePickerLabelTests/Pods-LXKDateTimePickerLabel-LXKDateTimePickerLabelTests.release.xcconfig"; sourceTree = "<group>"; };
		7E03025EC6C77F8A1AF2A981 /* Pods_LXKDateTimePickerLabel_LXKDateTimePickerLabelTests.framework */ = {isa = PBXFileReference; explicitFileType = wrapper.framework; includeInIndex = 0; path = Pods_LXKDateTimePickerLabel_LXKDateTimePickerLabelTests.framework; sourceTree = BUILT_PRODUCTS_DIR; };
		978C6955617A374BF0F8D82E /* Pods-LXKDateTimePickerLabel.debug.xcconfig */ = {isa = PBXFileReference; includeInIndex = 1; lastKnownFileType = text.xcconfig; name = "Pods-LXKDateTimePickerLabel.debug.xcconfig"; path = "Target Support Files/Pods-LXKDateTimePickerLabel/Pods-LXKDateTimePickerLabel.debug.xcconfig"; sourceTree = "<group>"; };
		9C23031DF61D83B704D93A52 /* Pods_LXKDateTimePickerLabel.framework */ = {isa = PBXFileReference; explicitFileType = wrapper.framework; includeInIndex = 0; path = Pods_LXKDateTimePickerLabel.framework; sourceTree = BUILT_PRODUCTS_DIR; };
		B32CD40E1C84D4B20CD3EA6F /* Pods-LXKDateTimePickerLabel.release.xcconfig */ = {isa = PBXFileReference; includeInIndex = 1; lastKnownFileType = text.xcconfig; name = "Pods-LXKDateTimePickerLabel.release.xcconfig"; path = "Target Support Files/Pods-LXKDateTimePickerLabel/Pods-LXKDateTimePickerLabel.release.xcconfig"; sourceTree = "<group>"; };
		D5EC8D0CF4F2EB3AE44F9AC3 /* Pods-LXKDateTimePickerLabel-LXKDateTimePickerLabelTests.debug.xcconfig */ = {isa = PBXFileReference; includeInIndex = 1; lastKnownFileType = text.xcconfig; name = "Pods-LXKDateTimePickerLabel-LXKDateTimePickerLabelTests.debug.xcconfig"; path = "Target Support Files/Pods-LXKDateTimePickerLabel-LXKDateTimePickerLabelTests/Pods-LXKDateTimePickerLabel-LXKDateTimePickerLabelTests.debug.xcconfig"; sourceTree = "<group>"; };
		FA98AAF527F1AE3A001DCB91 /* LXKDateTimePickerLabel.framework */ = {isa = PBXFileReference; explicitFileType = wrapper.framework; includeInIndex = 0; path = LXKDateTimePickerLabel.framework; sourceTree = BUILT_PRODUCTS_DIR; };
		FA98AAF827F1AE3A001DCB91 /* LXKDateTimePickerLabel.h */ = {isa = PBXFileReference; lastKnownFileType = sourcecode.c.h; path = LXKDateTimePickerLabel.h; sourceTree = "<group>"; };
		FA98AAF927F1AE3A001DCB91 /* LXKDateTimePickerLabel.docc */ = {isa = PBXFileReference; lastKnownFileType = folder.documentationcatalog; path = LXKDateTimePickerLabel.docc; sourceTree = "<group>"; };
		FA98AAFF27F1AE3B001DCB91 /* LXKDateTimePickerLabelTests.xctest */ = {isa = PBXFileReference; explicitFileType = wrapper.cfbundle; includeInIndex = 0; path = LXKDateTimePickerLabelTests.xctest; sourceTree = BUILT_PRODUCTS_DIR; };
		FA98AB0427F1AE3B001DCB91 /* LXKDateTimePickerLabelTests.swift */ = {isa = PBXFileReference; lastKnownFileType = sourcecode.swift; path = LXKDateTimePickerLabelTests.swift; sourceTree = "<group>"; };
		FABE35E727F1B59700B71EAA /* LXKDateTimePickerLabel.swift */ = {isa = PBXFileReference; fileEncoding = 4; lastKnownFileType = sourcecode.swift; path = LXKDateTimePickerLabel.swift; sourceTree = "<group>"; };
		FABE35E827F1B59700B71EAA /* DateExtensions.swift */ = {isa = PBXFileReference; fileEncoding = 4; lastKnownFileType = sourcecode.swift; path = DateExtensions.swift; sourceTree = "<group>"; };
		FADF7A6C2824B828005DB98B /* README.md */ = {isa = PBXFileReference; fileEncoding = 4; lastKnownFileType = net.daringfireball.markdown; path = README.md; sourceTree = "<group>"; };
		FADF7A6F2824BA0D005DB98B /* image1.gif */ = {isa = PBXFileReference; lastKnownFileType = image.gif; path = image1.gif; sourceTree = "<group>"; };
/* End PBXFileReference section */

/* Begin PBXFrameworksBuildPhase section */
		FA98AAF227F1AE3A001DCB91 /* Frameworks */ = {
			isa = PBXFrameworksBuildPhase;
			buildActionMask = 2147483647;
			files = (
				A239FB7A2FCDC31C07C19D43 /* Pods_LXKDateTimePickerLabel.framework in Frameworks */,
			);
			runOnlyForDeploymentPostprocessing = 0;
		};
		FA98AAFC27F1AE3B001DCB91 /* Frameworks */ = {
			isa = PBXFrameworksBuildPhase;
			buildActionMask = 2147483647;
			files = (
				FA98AB0027F1AE3B001DCB91 /* LXKDateTimePickerLabel.framework in Frameworks */,
				6F12A98E572AFD60C4D6F936 /* Pods_LXKDateTimePickerLabel_LXKDateTimePickerLabelTests.framework in Frameworks */,
			);
			runOnlyForDeploymentPostprocessing = 0;
		};
/* End PBXFrameworksBuildPhase section */

/* Begin PBXGroup section */
		3523BA281EFE7708B5F0728C /* Frameworks */ = {
			isa = PBXGroup;
			children = (
				9C23031DF61D83B704D93A52 /* Pods_LXKDateTimePickerLabel.framework */,
				7E03025EC6C77F8A1AF2A981 /* Pods_LXKDateTimePickerLabel_LXKDateTimePickerLabelTests.framework */,
			);
			name = Frameworks;
			sourceTree = "<group>";
		};
		9C7F772A871F135E39440FD0 /* Pods */ = {
			isa = PBXGroup;
			children = (
				978C6955617A374BF0F8D82E /* Pods-LXKDateTimePickerLabel.debug.xcconfig */,
				B32CD40E1C84D4B20CD3EA6F /* Pods-LXKDateTimePickerLabel.release.xcconfig */,
				D5EC8D0CF4F2EB3AE44F9AC3 /* Pods-LXKDateTimePickerLabel-LXKDateTimePickerLabelTests.debug.xcconfig */,
				22229142819BE67569BCF768 /* Pods-LXKDateTimePickerLabel-LXKDateTimePickerLabelTests.release.xcconfig */,
			);
			path = Pods;
			sourceTree = "<group>";
		};
		FA98AAEB27F1AE3A001DCB91 = {
			isa = PBXGroup;
			children = (
				FADF7A6E2824B9A1005DB98B /* ReadmeImage */,
				FADF7A6C2824B828005DB98B /* README.md */,
				FA98AAF727F1AE3A001DCB91 /* LXKDateTimePickerLabel */,
				FA98AB0327F1AE3B001DCB91 /* LXKDateTimePickerLabelTests */,
				FA98AAF627F1AE3A001DCB91 /* Products */,
				9C7F772A871F135E39440FD0 /* Pods */,
				3523BA281EFE7708B5F0728C /* Frameworks */,
			);
			sourceTree = "<group>";
		};
		FA98AAF627F1AE3A001DCB91 /* Products */ = {
			isa = PBXGroup;
			children = (
				FA98AAF527F1AE3A001DCB91 /* LXKDateTimePickerLabel.framework */,
				FA98AAFF27F1AE3B001DCB91 /* LXKDateTimePickerLabelTests.xctest */,
			);
			name = Products;
			sourceTree = "<group>";
		};
		FA98AAF727F1AE3A001DCB91 /* LXKDateTimePickerLabel */ = {
			isa = PBXGroup;
			children = (
				FABE35E827F1B59700B71EAA /* DateExtensions.swift */,
				FABE35E727F1B59700B71EAA /* LXKDateTimePickerLabel.swift */,
				FA98AAF827F1AE3A001DCB91 /* LXKDateTimePickerLabel.h */,
				FA98AAF927F1AE3A001DCB91 /* LXKDateTimePickerLabel.docc */,
			);
			path = LXKDateTimePickerLabel;
			sourceTree = "<group>";
		};
		FA98AB0327F1AE3B001DCB91 /* LXKDateTimePickerLabelTests */ = {
			isa = PBXGroup;
			children = (
				FA98AB0427F1AE3B001DCB91 /* LXKDateTimePickerLabelTests.swift */,
			);
			path = LXKDateTimePickerLabelTests;
			sourceTree = "<group>";
		};
		FADF7A6E2824B9A1005DB98B /* ReadmeImage */ = {
			isa = PBXGroup;
			children = (
				FADF7A6F2824BA0D005DB98B /* image1.gif */,
			);
			path = ReadmeImage;
			sourceTree = "<group>";
		};
/* End PBXGroup section */

/* Begin PBXHeadersBuildPhase section */
		FA98AAF027F1AE3A001DCB91 /* Headers */ = {
			isa = PBXHeadersBuildPhase;
			buildActionMask = 2147483647;
			files = (
				FA98AB0627F1AE3B001DCB91 /* LXKDateTimePickerLabel.h in Headers */,
			);
			runOnlyForDeploymentPostprocessing = 0;
		};
/* End PBXHeadersBuildPhase section */

/* Begin PBXNativeTarget section */
		FA98AAF427F1AE3A001DCB91 /* LXKDateTimePickerLabel */ = {
			isa = PBXNativeTarget;
			buildConfigurationList = FA98AB0927F1AE3B001DCB91 /* Build configuration list for PBXNativeTarget "LXKDateTimePickerLabel" */;
			buildPhases = (
				699D52AAACAB9F9F92E5A16D /* [CP] Check Pods Manifest.lock */,
				FA98AAF027F1AE3A001DCB91 /* Headers */,
				FA98AAF127F1AE3A001DCB91 /* Sources */,
				FA98AAF227F1AE3A001DCB91 /* Frameworks */,
				FA98AAF327F1AE3A001DCB91 /* Resources */,
			);
			buildRules = (
			);
			dependencies = (
			);
			name = LXKDateTimePickerLabel;
			productName = LXKDateTimePickerLabel;
			productReference = FA98AAF527F1AE3A001DCB91 /* LXKDateTimePickerLabel.framework */;
			productType = "com.apple.product-type.framework";
		};
		FA98AAFE27F1AE3B001DCB91 /* LXKDateTimePickerLabelTests */ = {
			isa = PBXNativeTarget;
			buildConfigurationList = FA98AB0C27F1AE3B001DCB91 /* Build configuration list for PBXNativeTarget "LXKDateTimePickerLabelTests" */;
			buildPhases = (
				21E6FACAB75AB0BC3517281A /* [CP] Check Pods Manifest.lock */,
				FA98AAFB27F1AE3B001DCB91 /* Sources */,
				FA98AAFC27F1AE3B001DCB91 /* Frameworks */,
				FA98AAFD27F1AE3B001DCB91 /* Resources */,
			);
			buildRules = (
			);
			dependencies = (
				FA98AB0227F1AE3B001DCB91 /* PBXTargetDependency */,
			);
			name = LXKDateTimePickerLabelTests;
			productName = LXKDateTimePickerLabelTests;
			productReference = FA98AAFF27F1AE3B001DCB91 /* LXKDateTimePickerLabelTests.xctest */;
			productType = "com.apple.product-type.bundle.unit-test";
		};
/* End PBXNativeTarget section */

/* Begin PBXProject section */
		FA98AAEC27F1AE3A001DCB91 /* Project object */ = {
			isa = PBXProject;
			attributes = {
				BuildIndependentTargetsInParallel = 1;
				LastSwiftUpdateCheck = 1310;
				LastUpgradeCheck = 1310;
				TargetAttributes = {
					FA98AAF427F1AE3A001DCB91 = {
						CreatedOnToolsVersion = 13.1;
					};
					FA98AAFE27F1AE3B001DCB91 = {
						CreatedOnToolsVersion = 13.1;
					};
				};
			};
			buildConfigurationList = FA98AAEF27F1AE3A001DCB91 /* Build configuration list for PBXProject "LXKDateTimePickerLabel" */;
			compatibilityVersion = "Xcode 13.0";
			developmentRegion = en;
			hasScannedForEncodings = 0;
			knownRegions = (
				en,
				Base,
			);
			mainGroup = FA98AAEB27F1AE3A001DCB91;
			productRefGroup = FA98AAF627F1AE3A001DCB91 /* Products */;
			projectDirPath = "";
			projectRoot = "";
			targets = (
				FA98AAF427F1AE3A001DCB91 /* LXKDateTimePickerLabel */,
				FA98AAFE27F1AE3B001DCB91 /* LXKDateTimePickerLabelTests */,
			);
		};
/* End PBXProject section */

/* Begin PBXResourcesBuildPhase section */
		FA98AAF327F1AE3A001DCB91 /* Resources */ = {
			isa = PBXResourcesBuildPhase;
			buildActionMask = 2147483647;
			files = (
				FADF7A712824BA0D005DB98B /* image1.gif in Resources */,
				FADF7A6D2824B828005DB98B /* README.md in Resources */,
			);
			runOnlyForDeploymentPostprocessing = 0;
		};
		FA98AAFD27F1AE3B001DCB91 /* Resources */ = {
			isa = PBXResourcesBuildPhase;
			buildActionMask = 2147483647;
			files = (
			);
			runOnlyForDeploymentPostprocessing = 0;
		};
/* End PBXResourcesBuildPhase section */

/* Begin PBXShellScriptBuildPhase section */
		21E6FACAB75AB0BC3517281A /* [CP] Check Pods Manifest.lock */ = {
			isa = PBXShellScriptBuildPhase;
			buildActionMask = 2147483647;
			files = (
			);
			inputFileListPaths = (
			);
			inputPaths = (
				"${PODS_PODFILE_DIR_PATH}/Podfile.lock",
				"${PODS_ROOT}/Manifest.lock",
			);
			name = "[CP] Check Pods Manifest.lock";
			outputFileListPaths = (
			);
			outputPaths = (
				"$(DERIVED_FILE_DIR)/Pods-LXKDateTimePickerLabel-LXKDateTimePickerLabelTests-checkManifestLockResult.txt",
			);
			runOnlyForDeploymentPostprocessing = 0;
			shellPath = /bin/sh;
			shellScript = "diff \"${PODS_PODFILE_DIR_PATH}/Podfile.lock\" \"${PODS_ROOT}/Manifest.lock\" > /dev/null\nif [ $? != 0 ] ; then\n    # print error to STDERR\n    echo \"error: The sandbox is not in sync with the Podfile.lock. Run 'pod install' or update your CocoaPods installation.\" >&2\n    exit 1\nfi\n# This output is used by Xcode 'outputs' to avoid re-running this script phase.\necho \"SUCCESS\" > \"${SCRIPT_OUTPUT_FILE_0}\"\n";
			showEnvVarsInLog = 0;
		};
		699D52AAACAB9F9F92E5A16D /* [CP] Check Pods Manifest.lock */ = {
			isa = PBXShellScriptBuildPhase;
			buildActionMask = 2147483647;
			files = (
			);
			inputFileListPaths = (
			);
			inputPaths = (
				"${PODS_PODFILE_DIR_PATH}/Podfile.lock",
				"${PODS_ROOT}/Manifest.lock",
			);
			name = "[CP] Check Pods Manifest.lock";
			outputFileListPaths = (
			);
			outputPaths = (
				"$(DERIVED_FILE_DIR)/Pods-LXKDateTimePickerLabel-checkManifestLockResult.txt",
			);
			runOnlyForDeploymentPostprocessing = 0;
			shellPath = /bin/sh;
			shellScript = "diff \"${PODS_PODFILE_DIR_PATH}/Podfile.lock\" \"${PODS_ROOT}/Manifest.lock\" > /dev/null\nif [ $? != 0 ] ; then\n    # print error to STDERR\n    echo \"error: The sandbox is not in sync with the Podfile.lock. Run 'pod install' or update your CocoaPods installation.\" >&2\n    exit 1\nfi\n# This output is used by Xcode 'outputs' to avoid re-running this script phase.\necho \"SUCCESS\" > \"${SCRIPT_OUTPUT_FILE_0}\"\n";
			showEnvVarsInLog = 0;
		};
/* End PBXShellScriptBuildPhase section */

/* Begin PBXSourcesBuildPhase section */
		FA98AAF127F1AE3A001DCB91 /* Sources */ = {
			isa = PBXSourcesBuildPhase;
			buildActionMask = 2147483647;
			files = (
				FABE35EA27F1B59700B71EAA /* LXKDateTimePickerLabel.swift in Sources */,
				FABE35EB27F1B59700B71EAA /* DateExtensions.swift in Sources */,
				FA98AAFA27F1AE3A001DCB91 /* LXKDateTimePickerLabel.docc in Sources */,
			);
			runOnlyForDeploymentPostprocessing = 0;
		};
		FA98AAFB27F1AE3B001DCB91 /* Sources */ = {
			isa = PBXSourcesBuildPhase;
			buildActionMask = 2147483647;
			files = (
				FA98AB0527F1AE3B001DCB91 /* LXKDateTimePickerLabelTests.swift in Sources */,
			);
			runOnlyForDeploymentPostprocessing = 0;
		};
/* End PBXSourcesBuildPhase section */

/* Begin PBXTargetDependency section */
		FA98AB0227F1AE3B001DCB91 /* PBXTargetDependency */ = {
			isa = PBXTargetDependency;
			target = FA98AAF427F1AE3A001DCB91 /* LXKDateTimePickerLabel */;
			targetProxy = FA98AB0127F1AE3B001DCB91 /* PBXContainerItemProxy */;
		};
/* End PBXTargetDependency section */

/* Begin XCBuildConfiguration section */
		FA98AB0727F1AE3B001DCB91 /* Debug */ = {
			isa = XCBuildConfiguration;
			buildSettings = {
				ALWAYS_SEARCH_USER_PATHS = NO;
				CLANG_ANALYZER_NONNULL = YES;
				CLANG_ANALYZER_NUMBER_OBJECT_CONVERSION = YES_AGGRESSIVE;
				CLANG_CXX_LANGUAGE_STANDARD = "gnu++17";
				CLANG_CXX_LIBRARY = "libc++";
				CLANG_ENABLE_MODULES = YES;
				CLANG_ENABLE_OBJC_ARC = YES;
				CLANG_ENABLE_OBJC_WEAK = YES;
				CLANG_WARN_BLOCK_CAPTURE_AUTORELEASING = YES;
				CLANG_WARN_BOOL_CONVERSION = YES;
				CLANG_WARN_COMMA = YES;
				CLANG_WARN_CONSTANT_CONVERSION = YES;
				CLANG_WARN_DEPRECATED_OBJC_IMPLEMENTATIONS = YES;
				CLANG_WARN_DIRECT_OBJC_ISA_USAGE = YES_ERROR;
				CLANG_WARN_DOCUMENTATION_COMMENTS = YES;
				CLANG_WARN_EMPTY_BODY = YES;
				CLANG_WARN_ENUM_CONVERSION = YES;
				CLANG_WARN_INFINITE_RECURSION = YES;
				CLANG_WARN_INT_CONVERSION = YES;
				CLANG_WARN_NON_LITERAL_NULL_CONVERSION = YES;
				CLANG_WARN_OBJC_IMPLICIT_RETAIN_SELF = YES;
				CLANG_WARN_OBJC_LITERAL_CONVERSION = YES;
				CLANG_WARN_OBJC_ROOT_CLASS = YES_ERROR;
				CLANG_WARN_QUOTED_INCLUDE_IN_FRAMEWORK_HEADER = YES;
				CLANG_WARN_RANGE_LOOP_ANALYSIS = YES;
				CLANG_WARN_STRICT_PROTOTYPES = YES;
				CLANG_WARN_SUSPICIOUS_MOVE = YES;
				CLANG_WARN_UNGUARDED_AVAILABILITY = YES_AGGRESSIVE;
				CLANG_WARN_UNREACHABLE_CODE = YES;
				CLANG_WARN__DUPLICATE_METHOD_MATCH = YES;
				COPY_PHASE_STRIP = NO;
				CURRENT_PROJECT_VERSION = 1;
				DEBUG_INFORMATION_FORMAT = dwarf;
				ENABLE_STRICT_OBJC_MSGSEND = YES;
				ENABLE_TESTABILITY = YES;
				GCC_C_LANGUAGE_STANDARD = gnu11;
				GCC_DYNAMIC_NO_PIC = NO;
				GCC_NO_COMMON_BLOCKS = YES;
				GCC_OPTIMIZATION_LEVEL = 0;
				GCC_PREPROCESSOR_DEFINITIONS = (
					"DEBUG=1",
					"$(inherited)",
				);
				GCC_WARN_64_TO_32_BIT_CONVERSION = YES;
				GCC_WARN_ABOUT_RETURN_TYPE = YES_ERROR;
				GCC_WARN_UNDECLARED_SELECTOR = YES;
				GCC_WARN_UNINITIALIZED_AUTOS = YES_AGGRESSIVE;
				GCC_WARN_UNUSED_FUNCTION = YES;
				GCC_WARN_UNUSED_VARIABLE = YES;
				IPHONEOS_DEPLOYMENT_TARGET = 15.0;
				MTL_ENABLE_DEBUG_INFO = INCLUDE_SOURCE;
				MTL_FAST_MATH = YES;
				ONLY_ACTIVE_ARCH = YES;
				SDKROOT = iphoneos;
				SWIFT_ACTIVE_COMPILATION_CONDITIONS = DEBUG;
				SWIFT_OPTIMIZATION_LEVEL = "-Onone";
				VERSIONING_SYSTEM = "apple-generic";
				VERSION_INFO_PREFIX = "";
			};
			name = Debug;
		};
		FA98AB0827F1AE3B001DCB91 /* Release */ = {
			isa = XCBuildConfiguration;
			buildSettings = {
				ALWAYS_SEARCH_USER_PATHS = NO;
				CLANG_ANALYZER_NONNULL = YES;
				CLANG_ANALYZER_NUMBER_OBJECT_CONVERSION = YES_AGGRESSIVE;
				CLANG_CXX_LANGUAGE_STANDARD = "gnu++17";
				CLANG_CXX_LIBRARY = "libc++";
				CLANG_ENABLE_MODULES = YES;
				CLANG_ENABLE_OBJC_ARC = YES;
				CLANG_ENABLE_OBJC_WEAK = YES;
				CLANG_WARN_BLOCK_CAPTURE_AUTORELEASING = YES;
				CLANG_WARN_BOOL_CONVERSION = YES;
				CLANG_WARN_COMMA = YES;
				CLANG_WARN_CONSTANT_CONVERSION = YES;
				CLANG_WARN_DEPRECATED_OBJC_IMPLEMENTATIONS = YES;
				CLANG_WARN_DIRECT_OBJC_ISA_USAGE = YES_ERROR;
				CLANG_WARN_DOCUMENTATION_COMMENTS = YES;
				CLANG_WARN_EMPTY_BODY = YES;
				CLANG_WARN_ENUM_CONVERSION = YES;
				CLANG_WARN_INFINITE_RECURSION = YES;
				CLANG_WARN_INT_CONVERSION = YES;
				CLANG_WARN_NON_LITERAL_NULL_CONVERSION = YES;
				CLANG_WARN_OBJC_IMPLICIT_RETAIN_SELF = YES;
				CLANG_WARN_OBJC_LITERAL_CONVERSION = YES;
				CLANG_WARN_OBJC_ROOT_CLASS = YES_ERROR;
				CLANG_WARN_QUOTED_INCLUDE_IN_FRAMEWORK_HEADER = YES;
				CLANG_WARN_RANGE_LOOP_ANALYSIS = YES;
				CLANG_WARN_STRICT_PROTOTYPES = YES;
				CLANG_WARN_SUSPICIOUS_MOVE = YES;
				CLANG_WARN_UNGUARDED_AVAILABILITY = YES_AGGRESSIVE;
				CLANG_WARN_UNREACHABLE_CODE = YES;
				CLANG_WARN__DUPLICATE_METHOD_MATCH = YES;
				COPY_PHASE_STRIP = NO;
				CURRENT_PROJECT_VERSION = 1;
				DEBUG_INFORMATION_FORMAT = "dwarf-with-dsym";
				ENABLE_NS_ASSERTIONS = NO;
				ENABLE_STRICT_OBJC_MSGSEND = YES;
				GCC_C_LANGUAGE_STANDARD = gnu11;
				GCC_NO_COMMON_BLOCKS = YES;
				GCC_WARN_64_TO_32_BIT_CONVERSION = YES;
				GCC_WARN_ABOUT_RETURN_TYPE = YES_ERROR;
				GCC_WARN_UNDECLARED_SELECTOR = YES;
				GCC_WARN_UNINITIALIZED_AUTOS = YES_AGGRESSIVE;
				GCC_WARN_UNUSED_FUNCTION = YES;
				GCC_WARN_UNUSED_VARIABLE = YES;
				IPHONEOS_DEPLOYMENT_TARGET = 15.0;
				MTL_ENABLE_DEBUG_INFO = NO;
				MTL_FAST_MATH = YES;
				SDKROOT = iphoneos;
				SWIFT_COMPILATION_MODE = wholemodule;
				SWIFT_OPTIMIZATION_LEVEL = "-O";
				VALIDATE_PRODUCT = YES;
				VERSIONING_SYSTEM = "apple-generic";
				VERSION_INFO_PREFIX = "";
			};
			name = Release;
		};
		FA98AB0A27F1AE3B001DCB91 /* Debug */ = {
			isa = XCBuildConfiguration;
			baseConfigurationReference = 978C6955617A374BF0F8D82E /* Pods-LXKDateTimePickerLabel.debug.xcconfig */;
			buildSettings = {
				CODE_SIGN_STYLE = Automatic;
				CURRENT_PROJECT_VERSION = 1;
				DEFINES_MODULE = YES;
				DEVELOPMENT_TEAM = 7G885K6AB7;
				DYLIB_COMPATIBILITY_VERSION = 1;
				DYLIB_CURRENT_VERSION = 1;
				DYLIB_INSTALL_NAME_BASE = "@rpath";
				GENERATE_INFOPLIST_FILE = YES;
				INFOPLIST_KEY_NSHumanReadableCopyright = "";
				INSTALL_PATH = "$(LOCAL_LIBRARY_DIR)/Frameworks";
				LD_RUNPATH_SEARCH_PATHS = (
					"$(inherited)",
					"@executable_path/Frameworks",
					"@loader_path/Frameworks",
				);
				MARKETING_VERSION = 1.0;
				PRODUCT_BUNDLE_IDENTIFIER = com.lxkhanh.LXKDateTimePickerLabel;
				PRODUCT_NAME = "$(TARGET_NAME:c99extidentifier)";
				SKIP_INSTALL = YES;
				SWIFT_EMIT_LOC_STRINGS = YES;
				SWIFT_VERSION = 5.0;
				TARGETED_DEVICE_FAMILY = "1,2";
			};
			name = Debug;
		};
		FA98AB0B27F1AE3B001DCB91 /* Release */ = {
			isa = XCBuildConfiguration;
			baseConfigurationReference = B32CD40E1C84D4B20CD3EA6F /* Pods-LXKDateTimePickerLabel.release.xcconfig */;
			buildSettings = {
				CODE_SIGN_STYLE = Automatic;
				CURRENT_PROJECT_VERSION = 1;
				DEFINES_MODULE = YES;
				DEVELOPMENT_TEAM = 7G885K6AB7;
				DYLIB_COMPATIBILITY_VERSION = 1;
				DYLIB_CURRENT_VERSION = 1;
				DYLIB_INSTALL_NAME_BASE = "@rpath";
				GENERATE_INFOPLIST_FILE = YES;
				INFOPLIST_KEY_NSHumanReadableCopyright = "";
				INSTALL_PATH = "$(LOCAL_LIBRARY_DIR)/Frameworks";
				LD_RUNPATH_SEARCH_PATHS = (
					"$(inherited)",
					"@executable_path/Frameworks",
					"@loader_path/Frameworks",
				);
				MARKETING_VERSION = 1.0;
				PRODUCT_BUNDLE_IDENTIFIER = com.lxkhanh.LXKDateTimePickerLabel;
				PRODUCT_NAME = "$(TARGET_NAME:c99extidentifier)";
				SKIP_INSTALL = YES;
				SWIFT_EMIT_LOC_STRINGS = YES;
				SWIFT_VERSION = 5.0;
				TARGETED_DEVICE_FAMILY = "1,2";
			};
			name = Release;
		};
		FA98AB0D27F1AE3B001DCB91 /* Debug */ = {
			isa = XCBuildConfiguration;
			baseConfigurationReference = D5EC8D0CF4F2EB3AE44F9AC3 /* Pods-LXKDateTimePickerLabel-LXKDateTimePickerLabelTests.debug.xcconfig */;
			buildSettings = {
				ALWAYS_EMBED_SWIFT_STANDARD_LIBRARIES = YES;
				CODE_SIGN_STYLE = Automatic;
				CURRENT_PROJECT_VERSION = 1;
				DEVELOPMENT_TEAM = 7G885K6AB7;
				GENERATE_INFOPLIST_FILE = YES;
				LD_RUNPATH_SEARCH_PATHS = (
					"$(inherited)",
					"@executable_path/Frameworks",
					"@loader_path/Frameworks",
				);
				MARKETING_VERSION = 1.0;
				PRODUCT_BUNDLE_IDENTIFIER = com.lxkhanh.LXKDateTimePickerLabelTests;
				PRODUCT_NAME = "$(TARGET_NAME)";
				SWIFT_EMIT_LOC_STRINGS = NO;
				SWIFT_VERSION = 5.0;
				TARGETED_DEVICE_FAMILY = "1,2";
			};
			name = Debug;
		};
		FA98AB0E27F1AE3B001DCB91 /* Release */ = {
			isa = XCBuildConfiguration;
			baseConfigurationReference = 22229142819BE67569BCF768 /* Pods-LXKDateTimePickerLabel-LXKDateTimePickerLabelTests.release.xcconfig */;
			buildSettings = {
				ALWAYS_EMBED_SWIFT_STANDARD_LIBRARIES = YES;
				CODE_SIGN_STYLE = Automatic;
				CURRENT_PROJECT_VERSION = 1;
				DEVELOPMENT_TEAM = 7G885K6AB7;
				GENERATE_INFOPLIST_FILE = YES;
				LD_RUNPATH_SEARCH_PATHS = (
					"$(inherited)",
					"@executable_path/Frameworks",
					"@loader_path/Frameworks",
				);
				MARKETING_VERSION = 1.0;
				PRODUCT_BUNDLE_IDENTIFIER = com.lxkhanh.LXKDateTimePickerLabelTests;
				PRODUCT_NAME = "$(TARGET_NAME)";
				SWIFT_EMIT_LOC_STRINGS = NO;
				SWIFT_VERSION = 5.0;
				TARGETED_DEVICE_FAMILY = "1,2";
			};
			name = Release;
		};
/* End XCBuildConfiguration section */

/* Begin XCConfigurationList section */
		FA98AAEF27F1AE3A001DCB91 /* Build configuration list for PBXProject "LXKDateTimePickerLabel" */ = {
			isa = XCConfigurationList;
			buildConfigurations = (
				FA98AB0727F1AE3B001DCB91 /* Debug */,
				FA98AB0827F1AE3B001DCB91 /* Release */,
			);
			defaultConfigurationIsVisible = 0;
			defaultConfigurationName = Release;
		};
		FA98AB0927F1AE3B001DCB91 /* Build configuration list for PBXNativeTarget "LXKDateTimePickerLabel" */ = {
			isa = XCConfigurationList;
			buildConfigurations = (
				FA98AB0A27F1AE3B001DCB91 /* Debug */,
				FA98AB0B27F1AE3B001DCB91 /* Release */,
			);
			defaultConfigurationIsVisible = 0;
			defaultConfigurationName = Release;
		};
		FA98AB0C27F1AE3B001DCB91 /* Build configuration list for PBXNativeTarget "LXKDateTimePickerLabelTests" */ = {
			isa = XCConfigurationList;
			buildConfigurations = (
				FA98AB0D27F1AE3B001DCB91 /* Debug */,
				FA98AB0E27F1AE3B001DCB91 /* Release */,
			);
			defaultConfigurationIsVisible = 0;
			defaultConfigurationName = Release;
		};
/* End XCConfigurationList section */
	};
	rootObject = FA98AAEC27F1AE3A001DCB91 /* Project object */;
}
